schema: '2.0'
stages:
  split_data:
    cmd: python ml/split_data.py
    deps:
    - path: data/clean_data.csv
      md5: 109c3c826741a590001de91b594b05e3
      size: 3518605
    - path: ml/split_data.py
      md5: ebd116733441b85143a459f74a502dfa
      size: 1310
    params:
      params.yaml:
        modeling.random_state: 1
        modeling.test_size: 0.1
    outs:
    - path: data/test_data.csv
      md5: a21ae607f710b3a9bfd698e31777933d
      size: 352144
    - path: data/trainval_data.csv
      md5: 56e29dd7a4bdcb215af19831b8a906e0
      size: 3166616
  process_data:
    cmd: python ml/process_data.py
    deps:
    - path: data/trainval_data.csv
      md5: 56e29dd7a4bdcb215af19831b8a906e0
      size: 3166616
    - path: ml/process_data.py
      md5: afe3f8344e01c0024bef3e3b10a500c2
      size: 3356
    params:
      params.yaml:
        cat_features:
        - workclass
        - education
        - marital-status
        - occupation
        - relationship
        - race
        - sex
        - native-country
        label: salary
        train.true_: true
    outs:
    - path: data/X.npy
      md5: c25f360ab477aefc85a8381927029d79
      size: 25318784
    - path: data/y.npy
      md5: 925e5cae69be636bce01361abbabb6c6
      size: 234560
    - path: model/encoder.pkl
      md5: cda18c6561b7ef57f19f48d00d3ff62b
      size: 3898
    - path: model/lb.pkl
      md5: 5025695085b01a6b6c57df2159831c2d
      size: 403
  train_predict:
    cmd: python ml/train_predict.py
    deps:
    - path: data/X.npy
      md5: c25f360ab477aefc85a8381927029d79
      size: 25318784
    - path: data/y.npy
      md5: 925e5cae69be636bce01361abbabb6c6
      size: 234560
    - path: ml/train_predict.py
      md5: 698da9d1c4517ae37ded29805a3920ec
      size: 3436
    params:
      params.yaml:
        modeling.random_state: 1
        modeling.test_size: 0.1
    outs:
    - path: metrics/model_scores.json
      md5: 56d4228c165ab2bd5e29b78c8cbf562c
      size: 73
    - path: metrics/precision.json
      md5: 95f3cd2a13c16fc0ed547a7067421caa
      size: 277
    - path: metrics/roc.json
      md5: adb18a266ae7b95f71ef3937f60ee8f9
      size: 339
    - path: model/model.pkl
      md5: 74d69cf5264c6a45aab8b8b19ebabd2e
      size: 66010423
  slice_predict:
    cmd: python ml/slice_predict.py
    deps:
    - path: data/trainval_data.csv
      md5: 56e29dd7a4bdcb215af19831b8a906e0
      size: 3166616
    - path: ml/slice_predict.py
      md5: c6669401277c682ed7dbb210911d5ccf
      size: 2564
    - path: model/encoder.pkl
      md5: cda18c6561b7ef57f19f48d00d3ff62b
      size: 3898
    - path: model/lb.pkl
      md5: 5025695085b01a6b6c57df2159831c2d
      size: 403
    - path: model/model.pkl
      md5: 74d69cf5264c6a45aab8b8b19ebabd2e
      size: 66010423
    params:
      params.yaml:
        cat_features:
        - workclass
        - education
        - marital-status
        - occupation
        - relationship
        - race
        - sex
        - native-country
        label: salary
        train.false_: false
    outs:
    - path: metrics/slice_scores.json
      md5: 5e4efa9b06692deed8e93448596e6912
      size: 20458
  kfold:
    cmd: python ml/kfold.py
    deps:
    - path: data/trainval_data.csv
      md5: 56e29dd7a4bdcb215af19831b8a906e0
      size: 3166616
    - path: ml/kfold.py
      md5: c850e37acea385fe58bd690757055b94
      size: 2217
    params:
      params.yaml:
        modeling.n_splits: 8
        modeling.random_state: 1
        modeling.shuffle: true
    outs:
    - path: metrics/kfold_scores.json
      md5: bbbc27852eac2529a5c144ded1a09ada
      size: 1206
